
Microsoft Visual Studio Solution File, Format Version 12.00
# Visual Studio Version 17
VisualStudioVersion = 17.14.36203.30 d17.14
MinimumVisualStudioVersion = 10.0.40219.1
Project("{FAE04EC0-301F-11D3-BF4B-00C04F79EFBC}") = "OnlineCVApp", "OnlineCVApp\OnlineCVApp.csproj", "{72BDC197-2122-423D-9508-9A6FE756C059}"
EndProject
Global
	GlobalSection(SolutionConfigurationPlatforms) = preSolution
		Debug|Any CPU = Debug|Any CPU
		Release|Any CPU = Release|Any CPU
	EndGlobalSection
	GlobalSection(ProjectConfigurationPlatforms) = postSolution
		{72BDC197-2122-423D-9508-9A6FE756C059}.Debug|Any CPU.ActiveCfg = Debug|Any CPU
		{72BDC197-2122-423D-9508-9A6FE756C059}.Debug|Any CPU.Build.0 = Debug|Any CPU
		{72BDC197-2122-423D-9508-9A6FE756C059}.Release|Any CPU.ActiveCfg = Release|Any CPU
		{72BDC197-2122-423D-9508-9A6FE756C059}.Release|Any CPU.Build.0 = Release|Any CPU
	EndGlobalSection
	GlobalSection(SolutionProperties) = preSolution
		HideSolutionNode = FALSE
	EndGlobalSection
	GlobalSection(ExtensibilityGlobals) = postSolution
		SolutionGuid = {9B5B8789-84C1-460E-9CFD-0AB6F9518030}
	EndGlobalSection
EndGlobal
